<?xml version="1.0" encoding="utf-8"?>
<Project ToolsVersion="4.0" xmlns="http://schemas.microsoft.com/developer/msbuild/2003">
  <ItemGroup>
    <Filter Include="Source Files">
      <UniqueIdentifier>{4FC737F1-C7A5-4376-A066-2A32D752A2FF}</UniqueIdentifier>
      <Extensions>cpp;c;cc;cxx;c++;cppm;ixx;def;odl;idl;hpj;bat;asm;asmx</Extensions>
    </Filter>
    <Filter Include="Header Files">
      <UniqueIdentifier>{93995380-89BD-4b04-88EB-625FBE52EBFB}</UniqueIdentifier>
      <Extensions>h;hh;hpp;hxx;h++;hm;inl;inc;ipp;xsd</Extensions>
    </Filter>
    <Filter Include="Resource Files">
      <UniqueIdentifier>{67DA6AB6-F800-4c08-8B7A-83BB121AAD01}</UniqueIdentifier>
      <Extensions>rc;ico;cur;bmp;dlg;rc2;rct;bin;rgs;gif;jpg;jpeg;jpe;resx;tiff;tif;png;wav;mfcribbon-ms</Extensions>
    </Filter>
    <Filter Include="Source Files\FUNCTIONS">
      <UniqueIdentifier>{f9c2eea9-ab56-4fb6-9bb9-02ad6293f90a}</UniqueIdentifier>
    </Filter>
    <Filter Include="Header Files\FUNCTIONS">
      <UniqueIdentifier>{314a73e1-6e21-4cd4-9641-4f470d21a664}</UniqueIdentifier>
    </Filter>
  </ItemGroup>
  <ItemGroup>
    <ClCompile Include="generalFunctions.c">
      <Filter>Source Files\FUNCTIONS</Filter>
    </ClCompile>
    <ClCompile Include="GetRecipeFromUser.c">
      <Filter>Source Files\FUNCTIONS</Filter>
    </ClCompile>
    <ClCompile Include="MainFunctions.c">
      <Filter>Source Files\FUNCTIONS</Filter>
    </ClCompile>
    <ClCompile Include="printFunctions.c">
      <Filter>Source Files\FUNCTIONS</Filter>
    </ClCompile>
    <ClCompile Include="GetRecipesFromUser.h">
      <Filter>Header Files\FUNCTIONS</Filter>
    </ClCompile>
    <ClCompile Include="PrintMenus.c">
      <Filter>Source Files\FUNCTIONS</Filter>
    </ClCompile>
    <ClCompile Include="source.c">
      <Filter>Source Files</Filter>
    </ClCompile>
  </ItemGroup>
  <ItemGroup>
    <ClInclude Include="MainFunctions.h">
      <Filter>Header Files\FUNCTIONS</Filter>
    </ClInclude>
    <ClInclude Include="generalFunctions.h">
      <Filter>Header Files\FUNCTIONS</Filter>
    </ClInclude>
    <ClInclude Include="printFunctions.h">
      <Filter>Header Files\FUNCTIONS</Filter>
    </ClInclude>
    <ClInclude Include="Recipe.h">
      <Filter>Header Files</Filter>
    </ClInclude>
    <ClInclude Include="PrintMenus.h">
      <Filter>Header Files\FUNCTIONS</Filter>
    </ClInclude>
  </ItemGroup>
</Project>